
Microsoft Visual Studio Solution File, Format Version 12.00
# Visual Studio Version 17
VisualStudioVersion = 17.10.34928.147
MinimumVisualStudioVersion = 10.0.40219.1
Project("{FAE04EC0-301F-11D3-BF4B-00C04F79EFBC}") = "DotNet4xTestWeb", "DotNet4xTestWeb\DotNet4xTestWeb.csproj", "{CEB4E3FD-7135-49E7-B8DD-A643BB28154C}"
EndProject
Project("{00D1A9C2-B5F0-4AF3-8072-F6C62B433612}") = "DotNet4xTestDB", "DotNet4xTestDB\DotNet4xTestDB.sqlproj", "{99E0F7CF-1FA1-4411-8B75-0CC209EB31F2}"
EndProject
Global
	GlobalSection(SolutionConfigurationPlatforms) = preSolution
		Debug|Any CPU = Debug|Any CPU
		Release|Any CPU = Release|Any CPU
	EndGlobalSection
	GlobalSection(ProjectConfigurationPlatforms) = postSolution
		{CEB4E3FD-7135-49E7-B8DD-A643BB28154C}.Debug|Any CPU.ActiveCfg = Debug|Any CPU
		{CEB4E3FD-7135-49E7-B8DD-A643BB28154C}.Debug|Any CPU.Build.0 = Debug|Any CPU
		{CEB4E3FD-7135-49E7-B8DD-A643BB28154C}.Release|Any CPU.ActiveCfg = Release|Any CPU
		{CEB4E3FD-7135-49E7-B8DD-A643BB28154C}.Release|Any CPU.Build.0 = Release|Any CPU
		{99E0F7CF-1FA1-4411-8B75-0CC209EB31F2}.Debug|Any CPU.ActiveCfg = Debug|Any CPU
		{99E0F7CF-1FA1-4411-8B75-0CC209EB31F2}.Debug|Any CPU.Build.0 = Debug|Any CPU
		{99E0F7CF-1FA1-4411-8B75-0CC209EB31F2}.Debug|Any CPU.Deploy.0 = Debug|Any CPU
		{99E0F7CF-1FA1-4411-8B75-0CC209EB31F2}.Release|Any CPU.ActiveCfg = Release|Any CPU
		{99E0F7CF-1FA1-4411-8B75-0CC209EB31F2}.Release|Any CPU.Build.0 = Release|Any CPU
		{99E0F7CF-1FA1-4411-8B75-0CC209EB31F2}.Release|Any CPU.Deploy.0 = Release|Any CPU
	EndGlobalSection
	GlobalSection(SolutionProperties) = preSolution
		HideSolutionNode = FALSE
	EndGlobalSection
	GlobalSection(ExtensibilityGlobals) = postSolution
		SolutionGuid = {991E2B64-9824-499A-A108-C7F0E72BE945}
	EndGlobalSection
EndGlobal
